// !$*UTF8*$!
{
	archiveVersion = 1;
	classes = {
	};
	objectVersion = 50;
	objects = {

/* Begin PBXBuildFile section */
		29EE1F65214C9B4900FF54D8 /* AppDelegate.m in Sources */ = {isa = PBXBuildFile; fileRef = 29EE1F64214C9B4900FF54D8 /* AppDelegate.m */; };
		29EE1F67214C9B4A00FF54D8 /* Assets.xcassets in Resources */ = {isa = PBXBuildFile; fileRef = 29EE1F66214C9B4A00FF54D8 /* Assets.xcassets */; };
		29EE1F6A214C9B4A00FF54D8 /* LaunchScreen.storyboard in Resources */ = {isa = PBXBuildFile; fileRef = 29EE1F68214C9B4A00FF54D8 /* LaunchScreen.storyboard */; };
		29EE1F6D214C9B4A00FF54D8 /* main.m in Sources */ = {isa = PBXBuildFile; fileRef = 29EE1F6C214C9B4A00FF54D8 /* main.m */; };
<<<<<<< HEAD
		29EE1F78214CA47D00FF54D8 /* XYViewController.m in Sources */ = {isa = PBXBuildFile; fileRef = 29EE1F77214CA47D00FF54D8 /* XYViewController.m */; };
=======
		29EE1F75214CA08700FF54D8 /* XYViewController.m in Sources */ = {isa = PBXBuildFile; fileRef = 29EE1F74214CA08700FF54D8 /* XYViewController.m */; };
>>>>>>> v1.0.1
		E4C9822740C11F6465DF4CF7 /* libPods-XYGitTest.a in Frameworks */ = {isa = PBXBuildFile; fileRef = CAAC22A78A81B0EEFC87DC47 /* libPods-XYGitTest.a */; };
/* End PBXBuildFile section */

/* Begin PBXFileReference section */
		29EE1F60214C9B4900FF54D8 /* XYGitTest.app */ = {isa = PBXFileReference; explicitFileType = wrapper.application; includeInIndex = 0; path = XYGitTest.app; sourceTree = BUILT_PRODUCTS_DIR; };
		29EE1F63214C9B4900FF54D8 /* AppDelegate.h */ = {isa = PBXFileReference; lastKnownFileType = sourcecode.c.h; path = AppDelegate.h; sourceTree = "<group>"; };
		29EE1F64214C9B4900FF54D8 /* AppDelegate.m */ = {isa = PBXFileReference; lastKnownFileType = sourcecode.c.objc; path = AppDelegate.m; sourceTree = "<group>"; };
		29EE1F66214C9B4A00FF54D8 /* Assets.xcassets */ = {isa = PBXFileReference; lastKnownFileType = folder.assetcatalog; path = Assets.xcassets; sourceTree = "<group>"; };
		29EE1F69214C9B4A00FF54D8 /* Base */ = {isa = PBXFileReference; lastKnownFileType = file.storyboard; name = Base; path = Base.lproj/LaunchScreen.storyboard; sourceTree = "<group>"; };
		29EE1F6B214C9B4A00FF54D8 /* Info.plist */ = {isa = PBXFileReference; lastKnownFileType = text.plist.xml; path = Info.plist; sourceTree = "<group>"; };
		29EE1F6C214C9B4A00FF54D8 /* main.m */ = {isa = PBXFileReference; lastKnownFileType = sourcecode.c.objc; path = main.m; sourceTree = "<group>"; };
<<<<<<< HEAD
		29EE1F76214CA47D00FF54D8 /* XYViewController.h */ = {isa = PBXFileReference; lastKnownFileType = sourcecode.c.h; path = XYViewController.h; sourceTree = "<group>"; };
		29EE1F77214CA47D00FF54D8 /* XYViewController.m */ = {isa = PBXFileReference; lastKnownFileType = sourcecode.c.objc; path = XYViewController.m; sourceTree = "<group>"; };
=======
		29EE1F73214CA08700FF54D8 /* XYViewController.h */ = {isa = PBXFileReference; lastKnownFileType = sourcecode.c.h; path = XYViewController.h; sourceTree = "<group>"; };
		29EE1F74214CA08700FF54D8 /* XYViewController.m */ = {isa = PBXFileReference; lastKnownFileType = sourcecode.c.objc; path = XYViewController.m; sourceTree = "<group>"; };
>>>>>>> v1.0.1
		B513A933DBCEDF440F88A44D /* Pods-XYGitTest.debug.xcconfig */ = {isa = PBXFileReference; includeInIndex = 1; lastKnownFileType = text.xcconfig; name = "Pods-XYGitTest.debug.xcconfig"; path = "Pods/Target Support Files/Pods-XYGitTest/Pods-XYGitTest.debug.xcconfig"; sourceTree = "<group>"; };
		C837E3653157893A987155A6 /* Pods-XYGitTest.release.xcconfig */ = {isa = PBXFileReference; includeInIndex = 1; lastKnownFileType = text.xcconfig; name = "Pods-XYGitTest.release.xcconfig"; path = "Pods/Target Support Files/Pods-XYGitTest/Pods-XYGitTest.release.xcconfig"; sourceTree = "<group>"; };
		CAAC22A78A81B0EEFC87DC47 /* libPods-XYGitTest.a */ = {isa = PBXFileReference; explicitFileType = archive.ar; includeInIndex = 0; path = "libPods-XYGitTest.a"; sourceTree = BUILT_PRODUCTS_DIR; };
/* End PBXFileReference section */

/* Begin PBXFrameworksBuildPhase section */
		29EE1F5D214C9B4900FF54D8 /* Frameworks */ = {
			isa = PBXFrameworksBuildPhase;
			buildActionMask = 2147483647;
			files = (
				E4C9822740C11F6465DF4CF7 /* libPods-XYGitTest.a in Frameworks */,
			);
			runOnlyForDeploymentPostprocessing = 0;
		};
/* End PBXFrameworksBuildPhase section */

/* Begin PBXGroup section */
		29EE1F57214C9B4900FF54D8 = {
			isa = PBXGroup;
			children = (
				29EE1F62214C9B4900FF54D8 /* XYGitTest */,
				29EE1F61214C9B4900FF54D8 /* Products */,
				780551CB1F27CD73DAB8AE85 /* Pods */,
				F27BE38B7627B0C5CB118E6B /* Frameworks */,
			);
			sourceTree = "<group>";
		};
		29EE1F61214C9B4900FF54D8 /* Products */ = {
			isa = PBXGroup;
			children = (
				29EE1F60214C9B4900FF54D8 /* XYGitTest.app */,
			);
			name = Products;
			sourceTree = "<group>";
		};
		29EE1F62214C9B4900FF54D8 /* XYGitTest */ = {
			isa = PBXGroup;
			children = (
				29EE1F63214C9B4900FF54D8 /* AppDelegate.h */,
				29EE1F64214C9B4900FF54D8 /* AppDelegate.m */,
<<<<<<< HEAD
				29EE1F76214CA47D00FF54D8 /* XYViewController.h */,
				29EE1F77214CA47D00FF54D8 /* XYViewController.m */,
=======
				29EE1F73214CA08700FF54D8 /* XYViewController.h */,
				29EE1F74214CA08700FF54D8 /* XYViewController.m */,
>>>>>>> v1.0.1
				29EE1F66214C9B4A00FF54D8 /* Assets.xcassets */,
				29EE1F68214C9B4A00FF54D8 /* LaunchScreen.storyboard */,
				29EE1F6B214C9B4A00FF54D8 /* Info.plist */,
				29EE1F6C214C9B4A00FF54D8 /* main.m */,
			);
			path = XYGitTest;
			sourceTree = "<group>";
		};
		780551CB1F27CD73DAB8AE85 /* Pods */ = {
			isa = PBXGroup;
			children = (
				B513A933DBCEDF440F88A44D /* Pods-XYGitTest.debug.xcconfig */,
				C837E3653157893A987155A6 /* Pods-XYGitTest.release.xcconfig */,
			);
			name = Pods;
			sourceTree = "<group>";
		};
		F27BE38B7627B0C5CB118E6B /* Frameworks */ = {
			isa = PBXGroup;
			children = (
				CAAC22A78A81B0EEFC87DC47 /* libPods-XYGitTest.a */,
			);
			name = Frameworks;
			sourceTree = "<group>";
		};
/* End PBXGroup section */

/* Begin PBXNativeTarget section */
		29EE1F5F214C9B4900FF54D8 /* XYGitTest */ = {
			isa = PBXNativeTarget;
			buildConfigurationList = 29EE1F70214C9B4A00FF54D8 /* Build configuration list for PBXNativeTarget "XYGitTest" */;
			buildPhases = (
				9A496504E83C528EC9CBDE60 /* [CP] Check Pods Manifest.lock */,
				29EE1F5C214C9B4900FF54D8 /* Sources */,
				29EE1F5D214C9B4900FF54D8 /* Frameworks */,
				29EE1F5E214C9B4900FF54D8 /* Resources */,
			);
			buildRules = (
			);
			dependencies = (
			);
			name = XYGitTest;
			productName = XYGitTest;
			productReference = 29EE1F60214C9B4900FF54D8 /* XYGitTest.app */;
			productType = "com.apple.product-type.application";
		};
/* End PBXNativeTarget section */

/* Begin PBXProject section */
		29EE1F58214C9B4900FF54D8 /* Project object */ = {
			isa = PBXProject;
			attributes = {
				LastUpgradeCheck = 0940;
				ORGANIZATIONNAME = rntd;
				TargetAttributes = {
					29EE1F5F214C9B4900FF54D8 = {
						CreatedOnToolsVersion = 9.4.1;
					};
				};
			};
			buildConfigurationList = 29EE1F5B214C9B4900FF54D8 /* Build configuration list for PBXProject "XYGitTest" */;
			compatibilityVersion = "Xcode 9.3";
			developmentRegion = en;
			hasScannedForEncodings = 0;
			knownRegions = (
				en,
				Base,
			);
			mainGroup = 29EE1F57214C9B4900FF54D8;
			productRefGroup = 29EE1F61214C9B4900FF54D8 /* Products */;
			projectDirPath = "";
			projectRoot = "";
			targets = (
				29EE1F5F214C9B4900FF54D8 /* XYGitTest */,
			);
		};
/* End PBXProject section */

/* Begin PBXResourcesBuildPhase section */
		29EE1F5E214C9B4900FF54D8 /* Resources */ = {
			isa = PBXResourcesBuildPhase;
			buildActionMask = 2147483647;
			files = (
				29EE1F67214C9B4A00FF54D8 /* Assets.xcassets in Resources */,
				29EE1F6A214C9B4A00FF54D8 /* LaunchScreen.storyboard in Resources */,
			);
			runOnlyForDeploymentPostprocessing = 0;
		};
/* End PBXResourcesBuildPhase section */

/* Begin PBXShellScriptBuildPhase section */
		9A496504E83C528EC9CBDE60 /* [CP] Check Pods Manifest.lock */ = {
			isa = PBXShellScriptBuildPhase;
			buildActionMask = 2147483647;
			files = (
			);
			inputPaths = (
				"${PODS_PODFILE_DIR_PATH}/Podfile.lock",
				"${PODS_ROOT}/Manifest.lock",
			);
			name = "[CP] Check Pods Manifest.lock";
			outputPaths = (
				"$(DERIVED_FILE_DIR)/Pods-XYGitTest-checkManifestLockResult.txt",
			);
			runOnlyForDeploymentPostprocessing = 0;
			shellPath = /bin/sh;
			shellScript = "diff \"${PODS_PODFILE_DIR_PATH}/Podfile.lock\" \"${PODS_ROOT}/Manifest.lock\" > /dev/null\nif [ $? != 0 ] ; then\n    # print error to STDERR\n    echo \"error: The sandbox is not in sync with the Podfile.lock. Run 'pod install' or update your CocoaPods installation.\" >&2\n    exit 1\nfi\n# This output is used by Xcode 'outputs' to avoid re-running this script phase.\necho \"SUCCESS\" > \"${SCRIPT_OUTPUT_FILE_0}\"\n";
			showEnvVarsInLog = 0;
		};
/* End PBXShellScriptBuildPhase section */

/* Begin PBXSourcesBuildPhase section */
		29EE1F5C214C9B4900FF54D8 /* Sources */ = {
			isa = PBXSourcesBuildPhase;
			buildActionMask = 2147483647;
			files = (
				29EE1F6D214C9B4A00FF54D8 /* main.m in Sources */,
<<<<<<< HEAD
				29EE1F78214CA47D00FF54D8 /* XYViewController.m in Sources */,
=======
				29EE1F75214CA08700FF54D8 /* XYViewController.m in Sources */,
>>>>>>> v1.0.1
				29EE1F65214C9B4900FF54D8 /* AppDelegate.m in Sources */,
			);
			runOnlyForDeploymentPostprocessing = 0;
		};
/* End PBXSourcesBuildPhase section */

/* Begin PBXVariantGroup section */
		29EE1F68214C9B4A00FF54D8 /* LaunchScreen.storyboard */ = {
			isa = PBXVariantGroup;
			children = (
				29EE1F69214C9B4A00FF54D8 /* Base */,
			);
			name = LaunchScreen.storyboard;
			sourceTree = "<group>";
		};
/* End PBXVariantGroup section */

/* Begin XCBuildConfiguration section */
		29EE1F6E214C9B4A00FF54D8 /* Debug */ = {
			isa = XCBuildConfiguration;
			buildSettings = {
				ALWAYS_SEARCH_USER_PATHS = NO;
				CLANG_ANALYZER_NONNULL = YES;
				CLANG_ANALYZER_NUMBER_OBJECT_CONVERSION = YES_AGGRESSIVE;
				CLANG_CXX_LANGUAGE_STANDARD = "gnu++14";
				CLANG_CXX_LIBRARY = "libc++";
				CLANG_ENABLE_MODULES = YES;
				CLANG_ENABLE_OBJC_ARC = YES;
				CLANG_ENABLE_OBJC_WEAK = YES;
				CLANG_WARN_BLOCK_CAPTURE_AUTORELEASING = YES;
				CLANG_WARN_BOOL_CONVERSION = YES;
				CLANG_WARN_COMMA = YES;
				CLANG_WARN_CONSTANT_CONVERSION = YES;
				CLANG_WARN_DEPRECATED_OBJC_IMPLEMENTATIONS = YES;
				CLANG_WARN_DIRECT_OBJC_ISA_USAGE = YES_ERROR;
				CLANG_WARN_DOCUMENTATION_COMMENTS = YES;
				CLANG_WARN_EMPTY_BODY = YES;
				CLANG_WARN_ENUM_CONVERSION = YES;
				CLANG_WARN_INFINITE_RECURSION = YES;
				CLANG_WARN_INT_CONVERSION = YES;
				CLANG_WARN_NON_LITERAL_NULL_CONVERSION = YES;
				CLANG_WARN_OBJC_IMPLICIT_RETAIN_SELF = YES;
				CLANG_WARN_OBJC_LITERAL_CONVERSION = YES;
				CLANG_WARN_OBJC_ROOT_CLASS = YES_ERROR;
				CLANG_WARN_RANGE_LOOP_ANALYSIS = YES;
				CLANG_WARN_STRICT_PROTOTYPES = YES;
				CLANG_WARN_SUSPICIOUS_MOVE = YES;
				CLANG_WARN_UNGUARDED_AVAILABILITY = YES_AGGRESSIVE;
				CLANG_WARN_UNREACHABLE_CODE = YES;
				CLANG_WARN__DUPLICATE_METHOD_MATCH = YES;
				CODE_SIGN_IDENTITY = "iPhone Developer";
				COPY_PHASE_STRIP = NO;
				DEBUG_INFORMATION_FORMAT = dwarf;
				ENABLE_STRICT_OBJC_MSGSEND = YES;
				ENABLE_TESTABILITY = YES;
				GCC_C_LANGUAGE_STANDARD = gnu11;
				GCC_DYNAMIC_NO_PIC = NO;
				GCC_NO_COMMON_BLOCKS = YES;
				GCC_OPTIMIZATION_LEVEL = 0;
				GCC_PREPROCESSOR_DEFINITIONS = (
					"DEBUG=1",
					"$(inherited)",
				);
				GCC_WARN_64_TO_32_BIT_CONVERSION = YES;
				GCC_WARN_ABOUT_RETURN_TYPE = YES_ERROR;
				GCC_WARN_UNDECLARED_SELECTOR = YES;
				GCC_WARN_UNINITIALIZED_AUTOS = YES_AGGRESSIVE;
				GCC_WARN_UNUSED_FUNCTION = YES;
				GCC_WARN_UNUSED_VARIABLE = YES;
				IPHONEOS_DEPLOYMENT_TARGET = 11.4;
				MTL_ENABLE_DEBUG_INFO = YES;
				ONLY_ACTIVE_ARCH = YES;
				SDKROOT = iphoneos;
			};
			name = Debug;
		};
		29EE1F6F214C9B4A00FF54D8 /* Release */ = {
			isa = XCBuildConfiguration;
			buildSettings = {
				ALWAYS_SEARCH_USER_PATHS = NO;
				CLANG_ANALYZER_NONNULL = YES;
				CLANG_ANALYZER_NUMBER_OBJECT_CONVERSION = YES_AGGRESSIVE;
				CLANG_CXX_LANGUAGE_STANDARD = "gnu++14";
				CLANG_CXX_LIBRARY = "libc++";
				CLANG_ENABLE_MODULES = YES;
				CLANG_ENABLE_OBJC_ARC = YES;
				CLANG_ENABLE_OBJC_WEAK = YES;
				CLANG_WARN_BLOCK_CAPTURE_AUTORELEASING = YES;
				CLANG_WARN_BOOL_CONVERSION = YES;
				CLANG_WARN_COMMA = YES;
				CLANG_WARN_CONSTANT_CONVERSION = YES;
				CLANG_WARN_DEPRECATED_OBJC_IMPLEMENTATIONS = YES;
				CLANG_WARN_DIRECT_OBJC_ISA_USAGE = YES_ERROR;
				CLANG_WARN_DOCUMENTATION_COMMENTS = YES;
				CLANG_WARN_EMPTY_BODY = YES;
				CLANG_WARN_ENUM_CONVERSION = YES;
				CLANG_WARN_INFINITE_RECURSION = YES;
				CLANG_WARN_INT_CONVERSION = YES;
				CLANG_WARN_NON_LITERAL_NULL_CONVERSION = YES;
				CLANG_WARN_OBJC_IMPLICIT_RETAIN_SELF = YES;
				CLANG_WARN_OBJC_LITERAL_CONVERSION = YES;
				CLANG_WARN_OBJC_ROOT_CLASS = YES_ERROR;
				CLANG_WARN_RANGE_LOOP_ANALYSIS = YES;
				CLANG_WARN_STRICT_PROTOTYPES = YES;
				CLANG_WARN_SUSPICIOUS_MOVE = YES;
				CLANG_WARN_UNGUARDED_AVAILABILITY = YES_AGGRESSIVE;
				CLANG_WARN_UNREACHABLE_CODE = YES;
				CLANG_WARN__DUPLICATE_METHOD_MATCH = YES;
				CODE_SIGN_IDENTITY = "iPhone Developer";
				COPY_PHASE_STRIP = NO;
				DEBUG_INFORMATION_FORMAT = "dwarf-with-dsym";
				ENABLE_NS_ASSERTIONS = NO;
				ENABLE_STRICT_OBJC_MSGSEND = YES;
				GCC_C_LANGUAGE_STANDARD = gnu11;
				GCC_NO_COMMON_BLOCKS = YES;
				GCC_WARN_64_TO_32_BIT_CONVERSION = YES;
				GCC_WARN_ABOUT_RETURN_TYPE = YES_ERROR;
				GCC_WARN_UNDECLARED_SELECTOR = YES;
				GCC_WARN_UNINITIALIZED_AUTOS = YES_AGGRESSIVE;
				GCC_WARN_UNUSED_FUNCTION = YES;
				GCC_WARN_UNUSED_VARIABLE = YES;
				IPHONEOS_DEPLOYMENT_TARGET = 11.4;
				MTL_ENABLE_DEBUG_INFO = NO;
				SDKROOT = iphoneos;
				VALIDATE_PRODUCT = YES;
			};
			name = Release;
		};
		29EE1F71214C9B4A00FF54D8 /* Debug */ = {
			isa = XCBuildConfiguration;
			baseConfigurationReference = B513A933DBCEDF440F88A44D /* Pods-XYGitTest.debug.xcconfig */;
			buildSettings = {
				ASSETCATALOG_COMPILER_APPICON_NAME = AppIcon;
				CODE_SIGN_STYLE = Automatic;
				INFOPLIST_FILE = XYGitTest/Info.plist;
				LD_RUNPATH_SEARCH_PATHS = (
					"$(inherited)",
					"@executable_path/Frameworks",
				);
				PRODUCT_BUNDLE_IDENTIFIER = com.rntd.im.XYGitTest;
				PRODUCT_NAME = "$(TARGET_NAME)";
				TARGETED_DEVICE_FAMILY = "1,2";
			};
			name = Debug;
		};
		29EE1F72214C9B4A00FF54D8 /* Release */ = {
			isa = XCBuildConfiguration;
			baseConfigurationReference = C837E3653157893A987155A6 /* Pods-XYGitTest.release.xcconfig */;
			buildSettings = {
				ASSETCATALOG_COMPILER_APPICON_NAME = AppIcon;
				CODE_SIGN_STYLE = Automatic;
				INFOPLIST_FILE = XYGitTest/Info.plist;
				LD_RUNPATH_SEARCH_PATHS = (
					"$(inherited)",
					"@executable_path/Frameworks",
				);
				PRODUCT_BUNDLE_IDENTIFIER = com.rntd.im.XYGitTest;
				PRODUCT_NAME = "$(TARGET_NAME)";
				TARGETED_DEVICE_FAMILY = "1,2";
			};
			name = Release;
		};
/* End XCBuildConfiguration section */

/* Begin XCConfigurationList section */
		29EE1F5B214C9B4900FF54D8 /* Build configuration list for PBXProject "XYGitTest" */ = {
			isa = XCConfigurationList;
			buildConfigurations = (
				29EE1F6E214C9B4A00FF54D8 /* Debug */,
				29EE1F6F214C9B4A00FF54D8 /* Release */,
			);
			defaultConfigurationIsVisible = 0;
			defaultConfigurationName = Release;
		};
		29EE1F70214C9B4A00FF54D8 /* Build configuration list for PBXNativeTarget "XYGitTest" */ = {
			isa = XCConfigurationList;
			buildConfigurations = (
				29EE1F71214C9B4A00FF54D8 /* Debug */,
				29EE1F72214C9B4A00FF54D8 /* Release */,
			);
			defaultConfigurationIsVisible = 0;
			defaultConfigurationName = Release;
		};
/* End XCConfigurationList section */
	};
	rootObject = 29EE1F58214C9B4900FF54D8 /* Project object */;
}
